
Microsoft Visual Studio Solution File, Format Version 12.00
# Visual Studio Version 16
VisualStudioVersion = 16.0.32126.315
MinimumVisualStudioVersion = 10.0.40219.1
Project("{888888A0-9F3D-457C-B088-3A5042F75D52}") = "BottleWebProject_PRUDNIKOVA", "BottleWebProject_PRUDNIKOVA\BottleWebProject_PRUDNIKOVA.pyproj", "{80CE3726-76A1-474A-970A-8EF9D917A0B1}"
EndProject
Global
	GlobalSection(SolutionConfigurationPlatforms) = preSolution
		Debug|Any CPU = Debug|Any CPU
		Release|Any CPU = Release|Any CPU
	EndGlobalSection
	GlobalSection(ProjectConfigurationPlatforms) = postSolution
		{80CE3726-76A1-474A-970A-8EF9D917A0B1}.Debug|Any CPU.ActiveCfg = Debug|Any CPU
		{80CE3726-76A1-474A-970A-8EF9D917A0B1}.Debug|Any CPU.Build.0 = Debug|Any CPU
		{80CE3726-76A1-474A-970A-8EF9D917A0B1}.Release|Any CPU.ActiveCfg = Release|Any CPU
		{80CE3726-76A1-474A-970A-8EF9D917A0B1}.Release|Any CPU.Build.0 = Release|Any CPU
	EndGlobalSection
	GlobalSection(SolutionProperties) = preSolution
		HideSolutionNode = FALSE
	EndGlobalSection
	GlobalSection(ExtensibilityGlobals) = postSolution
		SolutionGuid = {6E93C3BF-3AB4-4C22-9B2D-58FEBDC4ABDD}
	EndGlobalSection
EndGlobal
